
Microsoft Visual Studio Solution File, Format Version 12.00
# Visual Studio Version 17
VisualStudioVersion = 17.5.002.0
MinimumVisualStudioVersion = 10.0.40219.1
Project("{2150E333-8FDC-42A3-9474-1A3956D46DE8}") = "Todo-List", "Todo-List", "{F9B56777-EAAA-42CD-AA77-E07504BCA3F5}"
EndProject
Project("{9A19103F-16F7-4668-BE54-9A1E7A4F7556}") = "Todo", "Todo-List\Todo\Todo.csproj", "{31645930-6E97-4911-B095-209E2B6D218D}"
EndProject
Global
	GlobalSection(SolutionConfigurationPlatforms) = preSolution
		Debug|Any CPU = Debug|Any CPU
		Release|Any CPU = Release|Any CPU
	EndGlobalSection
	GlobalSection(ProjectConfigurationPlatforms) = postSolution
		{31645930-6E97-4911-B095-209E2B6D218D}.Debug|Any CPU.ActiveCfg = Debug|Any CPU
		{31645930-6E97-4911-B095-209E2B6D218D}.Debug|Any CPU.Build.0 = Debug|Any CPU
		{31645930-6E97-4911-B095-209E2B6D218D}.Release|Any CPU.ActiveCfg = Release|Any CPU
		{31645930-6E97-4911-B095-209E2B6D218D}.Release|Any CPU.Build.0 = Release|Any CPU
	EndGlobalSection
	GlobalSection(SolutionProperties) = preSolution
		HideSolutionNode = FALSE
	EndGlobalSection
	GlobalSection(NestedProjects) = preSolution
		{31645930-6E97-4911-B095-209E2B6D218D} = {F9B56777-EAAA-42CD-AA77-E07504BCA3F5}
	EndGlobalSection
	GlobalSection(ExtensibilityGlobals) = postSolution
		SolutionGuid = {45D485E3-E9D3-4620-A8CD-24E913536AE3}
	EndGlobalSection
EndGlobal
